
Microsoft Visual Studio Solution File, Format Version 12.00
# Visual Studio Version 17
VisualStudioVersion = 17.5.2.0
MinimumVisualStudioVersion = 10.0.40219.1
Project("{FAE04EC0-301F-11D3-BF4B-00C04F79EFBC}") = "UserManagementAPI", "UserManagementAPI.csproj", "{B6DE7AB0-ADAB-CC0D-886D-6DD4ACF47DB8}"
EndProject
Global
	GlobalSection(SolutionConfigurationPlatforms) = preSolution
		Debug|Any CPU = Debug|Any CPU
		Debug|x64 = Debug|x64
		Debug|x86 = Debug|x86
		Release|Any CPU = Release|Any CPU
		Release|x64 = Release|x64
		Release|x86 = Release|x86
	EndGlobalSection
	GlobalSection(ProjectConfigurationPlatforms) = postSolution
		{B6DE7AB0-ADAB-CC0D-886D-6DD4ACF47DB8}.Debug|Any CPU.ActiveCfg = Debug|Any CPU
		{B6DE7AB0-ADAB-CC0D-886D-6DD4ACF47DB8}.Debug|Any CPU.Build.0 = Debug|Any CPU
		{B6DE7AB0-ADAB-CC0D-886D-6DD4ACF47DB8}.Debug|x64.ActiveCfg = Debug|Any CPU
		{B6DE7AB0-ADAB-CC0D-886D-6DD4ACF47DB8}.Debug|x64.Build.0 = Debug|Any CPU
		{B6DE7AB0-ADAB-CC0D-886D-6DD4ACF47DB8}.Debug|x86.ActiveCfg = Debug|Any CPU
		{B6DE7AB0-ADAB-CC0D-886D-6DD4ACF47DB8}.Debug|x86.Build.0 = Debug|Any CPU
		{B6DE7AB0-ADAB-CC0D-886D-6DD4ACF47DB8}.Release|Any CPU.ActiveCfg = Release|Any CPU
		{B6DE7AB0-ADAB-CC0D-886D-6DD4ACF47DB8}.Release|Any CPU.Build.0 = Release|Any CPU
		{B6DE7AB0-ADAB-CC0D-886D-6DD4ACF47DB8}.Release|x64.ActiveCfg = Release|Any CPU
		{B6DE7AB0-ADAB-CC0D-886D-6DD4ACF47DB8}.Release|x64.Build.0 = Release|Any CPU
		{B6DE7AB0-ADAB-CC0D-886D-6DD4ACF47DB8}.Release|x86.ActiveCfg = Release|Any CPU
		{B6DE7AB0-ADAB-CC0D-886D-6DD4ACF47DB8}.Release|x86.Build.0 = Release|Any CPU
		{AB628F6D-E2E4-478D-BFA9-7BEB86B8B665}.Debug|Any CPU.ActiveCfg = Debug|Any CPU
		{AB628F6D-E2E4-478D-BFA9-7BEB86B8B665}.Debug|Any CPU.Build.0 = Debug|Any CPU
		{AB628F6D-E2E4-478D-BFA9-7BEB86B8B665}.Debug|x64.ActiveCfg = Debug|Any CPU
		{AB628F6D-E2E4-478D-BFA9-7BEB86B8B665}.Debug|x64.Build.0 = Debug|Any CPU
		{AB628F6D-E2E4-478D-BFA9-7BEB86B8B665}.Debug|x86.ActiveCfg = Debug|Any CPU
		{AB628F6D-E2E4-478D-BFA9-7BEB86B8B665}.Debug|x86.Build.0 = Debug|Any CPU
		{AB628F6D-E2E4-478D-BFA9-7BEB86B8B665}.Release|Any CPU.ActiveCfg = Release|Any CPU
		{AB628F6D-E2E4-478D-BFA9-7BEB86B8B665}.Release|Any CPU.Build.0 = Release|Any CPU
		{AB628F6D-E2E4-478D-BFA9-7BEB86B8B665}.Release|x64.ActiveCfg = Release|Any CPU
		{AB628F6D-E2E4-478D-BFA9-7BEB86B8B665}.Release|x64.Build.0 = Release|Any CPU
		{AB628F6D-E2E4-478D-BFA9-7BEB86B8B665}.Release|x86.ActiveCfg = Release|Any CPU
		{AB628F6D-E2E4-478D-BFA9-7BEB86B8B665}.Release|x86.Build.0 = Release|Any CPU
	EndGlobalSection
	GlobalSection(SolutionProperties) = preSolution
		HideSolutionNode = FALSE
	EndGlobalSection
	GlobalSection(ExtensibilityGlobals) = postSolution
		SolutionGuid = {40C29DBD-6355-49C7-9ED8-6D34A75F6CBD}
	EndGlobalSection
EndGlobal
